
Microsoft Visual Studio Solution File, Format Version 12.00
# Visual Studio Version 17
VisualStudioVersion = 17.14.36109.1 d17.14
MinimumVisualStudioVersion = 10.0.40219.1
Project("{FAE04EC0-301F-11D3-BF4B-00C04F79EFBC}") = "TravelApp.Web", "TravelApp.Web\TravelApp.Web.csproj", "{C99DA83F-A539-4F7D-AF26-B6B38F30964C}"
EndProject
Global
	GlobalSection(SolutionConfigurationPlatforms) = preSolution
		Debug|Any CPU = Debug|Any CPU
		Release|Any CPU = Release|Any CPU
	EndGlobalSection
	GlobalSection(ProjectConfigurationPlatforms) = postSolution
		{C99DA83F-A539-4F7D-AF26-B6B38F30964C}.Debug|Any CPU.ActiveCfg = Debug|Any CPU
		{C99DA83F-A539-4F7D-AF26-B6B38F30964C}.Debug|Any CPU.Build.0 = Debug|Any CPU
		{C99DA83F-A539-4F7D-AF26-B6B38F30964C}.Release|Any CPU.ActiveCfg = Release|Any CPU
		{C99DA83F-A539-4F7D-AF26-B6B38F30964C}.Release|Any CPU.Build.0 = Release|Any CPU
	EndGlobalSection
	GlobalSection(SolutionProperties) = preSolution
		HideSolutionNode = FALSE
	EndGlobalSection
	GlobalSection(ExtensibilityGlobals) = postSolution
		SolutionGuid = {9570B480-44B5-484A-B6D6-ABB98EF859AA}
	EndGlobalSection
EndGlobal
